schema: '2.0'
stages:
  profile:
    cmd: python3 src/profiling.py assets/data/raw/
    deps:
    - path: assets/data/raw
      md5: bb002f3cd01a369bc0ef590c102d02ff.dir
      size: 2995687331
      nfiles: 366
    - path: src/config.py
      md5: 7b988b2b39fb5979b5a7f703e708a435
      size: 3667
    - path: src/profile.yaml
      md5: 317b4d9674ca46acc17a1e8da4fa604e
      size: 3918
    - path: src/profiling.py
      md5: 0bf5d3969fd47ab56b534ba81d33e926
      size: 1903
    params:
      params.yaml:
        profile.dataset: digitalworker
  clean:
    cmd: python3 src/clean.py assets/data/raw/
    deps:
    - path: assets/data/raw
      md5: bb002f3cd01a369bc0ef590c102d02ff.dir
      size: 2995687331
      nfiles: 366
    - path: src/clean.py
      md5: c22401e0106af59dbc4785c9924126de
      size: 8959
    - path: src/config.py
      md5: 7b988b2b39fb5979b5a7f703e708a435
      size: 3667
    params:
      params.yaml:
        clean.classification: true
        clean.combine_files: false
        clean.correlation_metric: pearson
        clean.input_max_correlation_threshold: 1.0
        clean.onehot_encode_target: true
        clean.percentage_zeros_threshold: 1.0
        clean.target: Class
    outs:
    - path: assets/data/cleaned
      md5: a945dc84e1ede10b35c893830fd9b684.dir
      size: 2432295756
      nfiles: 366
    - path: assets/features/output_columns.csv
      md5: c6b38b7fa6bc662449e0a996e693a932
      size: 127
    - path: assets/features/removable_features.csv
      md5: a227d42afbcc590b4e949075cde4a5b6
      size: 3
  featurize:
    cmd: python3 src/featurize.py assets/data/cleaned/
    deps:
    - path: assets/data/cleaned
      md5: a945dc84e1ede10b35c893830fd9b684.dir
      size: 2432295756
      nfiles: 366
    - path: assets/features/output_columns.csv
      md5: c6b38b7fa6bc662449e0a996e693a932
      size: 127
    - path: src/config.py
      md5: 7b988b2b39fb5979b5a7f703e708a435
      size: 3667
    - path: src/featurize.py
      md5: 0e378943b6ae2b2314f124eb6e5119c6
      size: 15158
    params:
      params.yaml:
        clean.target: Class
        featurize.add_gradient:
        featurize.add_maximum:
        featurize.add_mean:
        featurize.add_min_max_range:
        featurize.add_minimum:
        featurize.add_peak_frequency:
        featurize.add_slope:
        featurize.add_slope_cos:
        featurize.add_slope_sin:
        featurize.add_standard_deviation:
        featurize.add_sum:
        featurize.add_variance:
        featurize.remove_features:
        - Timestamp
        featurize.rolling_window_size_max_min: 60
        featurize.rolling_window_size_mean: 60
        featurize.rolling_window_size_standard_deviation: 60
        featurize.rolling_window_size_sum: 60
        featurize.target_min_correlation_threshold: 0.0
        featurize.use_all_engineered_features_on_all_variables: false
        featurize.variables_to_include:
        - Arm_AccX
        - Arm_AccY
        - Arm_AccZ
    outs:
    - path: assets/data/featurized
      md5: 1074aea72a54628327dafe9b2d377d9e.dir
      size: 797022048
      nfiles: 366
    - path: assets/features/input_columns.csv
      md5: 75824fc2f6033b06d5fc268f25f6f411
      size: 36
  split:
    cmd: python3 src/split.py assets/data/featurized/
    deps:
    - path: assets/data/featurized
      md5: 1074aea72a54628327dafe9b2d377d9e.dir
      size: 797022048
      nfiles: 366
    - path: src/config.py
      md5: 7b988b2b39fb5979b5a7f703e708a435
      size: 3667
    - path: src/split.py
      md5: 8398f76fd4180445e33d27b75f4639e7
      size: 3775
    params:
      params.yaml:
        split.calibrate_split: 0.0
        split.shuffle_files: false
        split.train_split: 0.5
    outs:
    - path: assets/data/split
      md5: 2c217e5387c131c5e906a779b010162c.dir
      size: 797022048
      nfiles: 366
  scale:
    cmd: python3 src/scale.py assets/data/split/
    deps:
    - path: assets/data/split
      md5: 2c217e5387c131c5e906a779b010162c.dir
      size: 797022048
      nfiles: 366
    - path: assets/features/output_columns.csv
      md5: c6b38b7fa6bc662449e0a996e693a932
      size: 127
    - path: src/config.py
      md5: 7b988b2b39fb5979b5a7f703e708a435
      size: 3667
    - path: src/scale.py
      md5: b248aa363a18b0ff4e21e8ff39fb166a
      size: 4312
    params:
      params.yaml:
        clean.classification: true
        scale.input: minmax
        scale.output:
    outs:
    - path: assets/data/scaled
      md5: ec5b7f5c1e80eeea1e28f335e95e35d0.dir
      size: 797154540
      nfiles: 366
    - path: assets/scalers/input_scaler.z
      md5: 795d500d3f216a399449ac374b74a31f
      size: 510
    - path: assets/scalers/output_scaler.z
      md5: cea9db0bcb4315e08880812af39e8be5
      size: 124
  sequentialize:
    cmd: python3 src/sequentialize.py assets/data/scaled/
    deps:
    - path: assets/data/scaled
      md5: ec5b7f5c1e80eeea1e28f335e95e35d0.dir
      size: 797154540
      nfiles: 366
    - path: assets/features/output_columns.csv
      md5: c6b38b7fa6bc662449e0a996e693a932
      size: 127
    - path: src/config.py
      md5: 7b988b2b39fb5979b5a7f703e708a435
      size: 3667
    - path: src/preprocess_utils.py
      md5: 4a9834004d93717eaa2f26dc56b72fcd
      size: 11451
    - path: src/sequentialize.py
      md5: 97f873cdd8cb3cc0292b2e41d17e26e8
      size: 2499
    params:
      params.yaml:
        clean.classification: true
        sequentialize.future_predict: false
        sequentialize.overlap: 0
        sequentialize.shuffle_samples: false
        sequentialize.target_size: 1
        sequentialize.window_size: 15
        train.learning_method: cnn
    outs:
    - path: assets/data/sequentialized
      md5: 78b129dca5c073a0e560f9bff02b550c.dir
      size: 202079724
      nfiles: 366
  combine:
    cmd: python3 src/combine.py assets/data/sequentialized/
    deps:
    - path: assets/data/sequentialized
      md5: 78b129dca5c073a0e560f9bff02b550c.dir
      size: 202079724
      nfiles: 366
    - path: src/combine.py
      md5: d175bad0793f77c653fed58d9941c567
      size: 1806
    - path: src/config.py
      md5: 7b988b2b39fb5979b5a7f703e708a435
      size: 3667
    outs:
    - path: assets/data/combined
      md5: 04a058a1666b4943bf65eac4e44ea4b1.dir
      size: 201901364
      nfiles: 2
  train:
    cmd: python3 src/train.py assets/data/combined/train.npz
    deps:
    - path: assets/data/combined
      md5: 04a058a1666b4943bf65eac4e44ea4b1.dir
      size: 201901364
      nfiles: 2
    - path: assets/features/output_columns.csv
      md5: c6b38b7fa6bc662449e0a996e693a932
      size: 127
    - path: src/config.py
      md5: 7b988b2b39fb5979b5a7f703e708a435
      size: 3667
    - path: src/neural_networks.py
      md5: a06f347fff71626eaf7211104bef7daf
      size: 31995
    - path: src/train.py
      md5: d154c1717b941f72ac6445c056431b1c
      size: 16541
    params:
      params.yaml:
        clean.classification: true
        train.activation_function: relu
        train.batch_size: 256
        train.dropout: 0.5
        train.early_stopping: true
        train.hyperparameter_tuning: false
        train.kernel_size: 3
        train.learning_method: cnn
        train.maxpooling: false
        train.maxpooling_size: 4
        train.n_epochs: 1
        train.n_flattened_layers: 2
        train.n_flattened_nodes: 32
        train.n_layers: 4
        train.n_neurons:
        - 64
        - 64
        - 64
        - 64
        train.patience: 20
        train.seed: 2020
        train.unit_type: LSTM
    outs:
    - path: assets/models
      md5: 1ba9607dc1121bc8cebdacd10c7c2259.dir
      size: 909968
      nfiles: 1
  evaluate:
    cmd: python3 src/evaluate.py assets/models/model.h5 assets/data/combined/train.npz
      assets/data/combined/test.npz assets/data/combined/calibrate.npz
    deps:
    - path: assets/data/combined/test.npz
      md5: d1d1679d221bea382d401aae94959b49
      size: 73372714
    - path: assets/features/output_columns.csv
      md5: c6b38b7fa6bc662449e0a996e693a932
      size: 127
    - path: assets/models/model.h5
      md5: d249045e394fc78959f7b658ae636923
      size: 909968
    - path: src/config.py
      md5: 7b988b2b39fb5979b5a7f703e708a435
      size: 3667
    - path: src/evaluate.py
      md5: f74e941ca3e791f9043108368ea2cd65
      size: 27582
    params:
      params.yaml:
        clean.classification: true
        evaluate.dropout_uncertainty_estimation: true
        evaluate.show_inputs: true
        evaluate.uncertainty_estimation_sampling_size: 4
