schema: '2.0'
stages:
  profile:
    cmd: python3 src/profiling.py assets/data/raw/
    deps:
    - path: assets/data/raw
      md5: d751713988987e9331980363e24189ce.dir
      size: 0
      nfiles: 0
    - path: src/config.py
      md5: 7b988b2b39fb5979b5a7f703e708a435
      size: 3667
    - path: src/profile.yaml
      md5: 317b4d9674ca46acc17a1e8da4fa604e
      size: 3918
    - path: src/profiling.py
      md5: 0bf5d3969fd47ab56b534ba81d33e926
      size: 1903
    params:
      params.yaml:
        profile.dataset: test
  clean:
    cmd: python3 src/clean.py assets/data/raw/
    deps:
    - path: assets/data/raw
      md5: d751713988987e9331980363e24189ce.dir
      size: 0
      nfiles: 0
    - path: src/clean.py
      md5: 47871e58a53823db6ff41eb833638cf2
      size: 8514
    - path: src/config.py
      md5: 7b988b2b39fb5979b5a7f703e708a435
      size: 3667
    params:
      params.yaml:
        clean.classification: false
        clean.combine_files: false
        clean.correlation_metric: pearson
        clean.input_max_correlation_threshold: 1.0
        clean.onehot_encode_target: false
        clean.percentage_zeros_threshold: 1.0
        clean.target: Arm_Elevation
    outs:
    - path: assets/data/cleaned
      md5: 096d183c04e5ccaf0a345447783521f6.dir
      size: 79356491
      nfiles: 19
    - path: assets/features/output_columns.csv
      md5: 4e01c6fab0d360c09e1eb4f7ded46e00
      size: 19
    - path: assets/features/removable_features.csv
      md5: a227d42afbcc590b4e949075cde4a5b6
      size: 3
  featurize:
    cmd: python3 src/featurize.py assets/data/cleaned/
    deps:
    - path: assets/data/cleaned
      md5: 096d183c04e5ccaf0a345447783521f6.dir
      size: 79356491
      nfiles: 19
    - path: assets/features/output_columns.csv
      md5: 4e01c6fab0d360c09e1eb4f7ded46e00
      size: 19
    - path: src/config.py
      md5: 7b988b2b39fb5979b5a7f703e708a435
      size: 3667
    - path: src/featurize.py
      md5: 0e378943b6ae2b2314f124eb6e5119c6
      size: 15158
    params:
      params.yaml:
        clean.target: Arm_Elevation
        featurize.add_gradient:
        featurize.add_maximum:
        featurize.add_mean:
        featurize.add_min_max_range:
        featurize.add_minimum:
        featurize.add_peak_frequency:
        featurize.add_slope:
        featurize.add_slope_cos:
        featurize.add_slope_sin:
        featurize.add_standard_deviation:
        featurize.add_sum:
        featurize.add_variance:
        featurize.remove_features:
        - Timestamp
        - Arm_Above_90
        featurize.rolling_window_size_max_min: 60
        featurize.rolling_window_size_mean: 60
        featurize.rolling_window_size_standard_deviation: 60
        featurize.rolling_window_size_sum: 60
        featurize.target_min_correlation_threshold: 0.0
        featurize.use_all_engineered_features_on_all_variables: false
        featurize.variables_to_include:
        - Arm_AccX
        - Arm_AccY
        - Arm_AccZ
    outs:
    - path: assets/data/featurized
      md5: 0eaaec6b96058f6fe444b37ffc8606f9.dir
      size: 14926720
      nfiles: 19
    - path: assets/features/input_columns.csv
      md5: 75824fc2f6033b06d5fc268f25f6f411
      size: 36
  split:
    cmd: python3 src/split.py assets/data/featurized/
    deps:
    - path: assets/data/featurized
      md5: 0eaaec6b96058f6fe444b37ffc8606f9.dir
      size: 14926720
      nfiles: 19
    - path: src/config.py
      md5: 7b988b2b39fb5979b5a7f703e708a435
      size: 3667
    - path: src/split.py
      md5: 8398f76fd4180445e33d27b75f4639e7
      size: 3775
    params:
      params.yaml:
        split.calibrate_split: 0.0
        split.shuffle_files: false
        split.train_split: 0.7
    outs:
    - path: assets/data/split
      md5: 5f22b399155f0bb3664ea4d07563a7ec.dir
      size: 14926720
      nfiles: 19
  scale:
    cmd: python3 src/scale.py assets/data/split/
    deps:
    - path: assets/data/split
      md5: 5f22b399155f0bb3664ea4d07563a7ec.dir
      size: 14926720
      nfiles: 19
    - path: assets/features/output_columns.csv
      md5: 4e01c6fab0d360c09e1eb4f7ded46e00
      size: 19
    - path: src/config.py
      md5: 7b988b2b39fb5979b5a7f703e708a435
      size: 3667
    - path: src/scale.py
      md5: b248aa363a18b0ff4e21e8ff39fb166a
      size: 4312
    params:
      params.yaml:
        clean.classification: false
        scale.input: minmax
        scale.output:
    outs:
    - path: assets/data/scaled
      md5: f56d2b7c1f91fe294893cffeb0541b18.dir
      size: 14933598
      nfiles: 19
    - path: assets/scalers/input_scaler.z
      md5: da5dda8e1c7fecdd81ddfdb81970f514
      size: 509
    - path: assets/scalers/output_scaler.z
      md5: 021610b860db518393f6fba0e3d81526
      size: 410
  sequentialize:
    cmd: python3 src/sequentialize.py assets/data/scaled/
    deps:
    - path: assets/data/scaled
      md5: f56d2b7c1f91fe294893cffeb0541b18.dir
      size: 14933598
      nfiles: 19
    - path: assets/features/output_columns.csv
      md5: 4e01c6fab0d360c09e1eb4f7ded46e00
      size: 19
    - path: src/config.py
      md5: 7b988b2b39fb5979b5a7f703e708a435
      size: 3667
    - path: src/preprocess_utils.py
      md5: 4a9834004d93717eaa2f26dc56b72fcd
      size: 11451
    - path: src/sequentialize.py
      md5: 97f873cdd8cb3cc0292b2e41d17e26e8
      size: 2499
    params:
      params.yaml:
        clean.classification: false
        sequentialize.future_predict: false
        sequentialize.overlap: 0
        sequentialize.shuffle_samples: false
        sequentialize.target_size: 1
        sequentialize.window_size: 1
        train.learning_method: xgboost
    outs:
    - path: assets/data/sequentialized
      md5: 7a912e301d67e51a59e4bef19d8e5b8d.dir
      size: 14933598
      nfiles: 19
  combine:
    cmd: python3 src/combine.py assets/data/sequentialized/
    deps:
    - path: assets/data/sequentialized
      md5: 7a912e301d67e51a59e4bef19d8e5b8d.dir
      size: 14933598
      nfiles: 19
    - path: src/combine.py
      md5: d175bad0793f77c653fed58d9941c567
      size: 1806
    - path: src/config.py
      md5: 7b988b2b39fb5979b5a7f703e708a435
      size: 3667
    outs:
    - path: assets/data/combined
      md5: ef0ee899d92791c51ffa3aa41e17aa62.dir
      size: 14925268
      nfiles: 2
  train:
    cmd: python3 src/train.py assets/data/combined/train.npz
    deps:
    - path: assets/data/combined
      md5: ef0ee899d92791c51ffa3aa41e17aa62.dir
      size: 14925268
      nfiles: 2
    - path: assets/features/output_columns.csv
      md5: 4e01c6fab0d360c09e1eb4f7ded46e00
      size: 19
    - path: src/config.py
      md5: 7b988b2b39fb5979b5a7f703e708a435
      size: 3667
    - path: src/neural_networks.py
      md5: cd6a6adef61d3d6d2cf25b785c567e84
      size: 31795
    - path: src/train.py
      md5: d154c1717b941f72ac6445c056431b1c
      size: 16541
    params:
      params.yaml:
        clean.classification: false
        train.activation_function: relu
        train.batch_size: 256
        train.dropout: 0.1
        train.early_stopping: true
        train.hyperparameter_tuning: false
        train.kernel_size: 3
        train.learning_method: xgboost
        train.maxpooling: false
        train.maxpooling_size: 4
        train.n_epochs: 200
        train.n_flattened_layers: 2
        train.n_flattened_nodes: 32
        train.n_layers: 4
        train.n_neurons:
        - 64
        - 64
        - 64
        - 64
        train.patience: 20
        train.seed: 2020
        train.unit_type: LSTM
    outs:
    - path: assets/models
      md5: cf3ea3ed0e3560db8283d2eb07e55f57.dir
      size: 611411
      nfiles: 1
  evaluate:
    cmd: python3 src/evaluate.py assets/models/model.h5 assets/data/combined/train.npz
      assets/data/combined/test.npz assets/data/combined/calibrate.npz
    deps:
    - path: assets/data/combined/test.npz
      md5: d1f19ae5d63b11f7f36a0c6b20dd5ebb
      size: 4459914
    - path: assets/features/output_columns.csv
      md5: 4e01c6fab0d360c09e1eb4f7ded46e00
      size: 19
    - path: assets/models/model.h5
      md5: 153019a1b2f59ecca21aa3d7343c08de
      size: 611411
    - path: src/config.py
      md5: 7b988b2b39fb5979b5a7f703e708a435
      size: 3667
    - path: src/evaluate.py
      md5: 7a9e5c866caf840ae8a4e501668b8c9a
      size: 27131
    params:
      params.yaml:
        clean.classification: false
        evaluate.show_inputs: true
    outs:
    - path: assets/metrics/metrics.json
      md5: bc8a46faf2907884b60d504853a2e816
      size: 110
    - path: assets/predictions/predictions.csv
      md5: 869d53207af94699df7fad9314663036
      size: 1337798
    - path: assets/predictions/true_values.csv
      md5: 2d7cf80a1825cb131259f1f2bb8c78b3
      size: 1554195
