schema: '2.0'
stages:
  clean:
    cmd: python3 src/clean.py assets/data/raw/
    deps:
    - path: assets/data/raw
      md5: d751713988987e9331980363e24189ce.dir
      size: 0
      nfiles: 0
    - path: src/clean.py
      md5: a737396362bfcce69e26e049f2d25bb5
      size: 9037
    - path: src/config.py
      md5: 7b988b2b39fb5979b5a7f703e708a435
      size: 3667
    params:
      params.yaml:
        clean.classification: true
        clean.combine_files: false
        clean.correlation_metric: pearson
        clean.input_max_correlation_threshold: 1.0
        clean.onehot_encode_target: true
        clean.percentage_zeros_threshold: 1.0
        clean.target: Class
    outs:
    - path: assets/data/cleaned
      md5: de142a618f661cf8b0671d9d43154f06.dir
      size: 8938346133
      nfiles: 1989
    - path: assets/features/output_columns.csv
      md5: b520619408d9f0152dc8db27de23005d
      size: 83
    - path: assets/features/removable_features.csv
      md5: a227d42afbcc590b4e949075cde4a5b6
      size: 3
  featurize:
    cmd: python3 src/featurize.py assets/data/cleaned/
    deps:
    - path: assets/data/cleaned
      md5: de142a618f661cf8b0671d9d43154f06.dir
      size: 8938346133
      nfiles: 1989
    - path: assets/features/output_columns.csv
      md5: b520619408d9f0152dc8db27de23005d
      size: 83
    - path: src/config.py
      md5: 7b988b2b39fb5979b5a7f703e708a435
      size: 3667
    - path: src/featurize.py
      md5: 4882253db3a087a56d2042357d4d1904
      size: 15240
    params:
      params.yaml:
        clean.target: Class
        featurize.add_gradient:
        featurize.add_maximum:
        featurize.add_mean:
        featurize.add_min_max_range:
        featurize.add_minimum:
        featurize.add_peak_frequency:
        featurize.add_slope:
        featurize.add_slope_cos:
        featurize.add_slope_sin:
        featurize.add_standard_deviation:
        featurize.add_sum:
        featurize.add_variance:
        featurize.remove_features:
        - Timestamp
        featurize.rolling_window_size_max_min: 60
        featurize.rolling_window_size_mean: 60
        featurize.rolling_window_size_standard_deviation: 60
        featurize.rolling_window_size_sum: 60
        featurize.target_min_correlation_threshold: 0.0
        featurize.use_all_engineered_features_on_all_variables: false
        featurize.variables_to_include:
        - Trunk_AccX
        - Trunk_AccY
        - Trunk_AccZ
        - Arm_AccX
        - Arm_AccY
        - Arm_AccZ
        - Thigh_AccX
        - Thigh_AccY
        - Thigh_AccZ
        - Calf_AccX
        - Calf_AccY
        - Calf_AccZ
    outs:
    - path: assets/data/featurized
      md5: bad0f98b5889969df091060ef12d8581.dir
      size: 7768315872
      nfiles: 1989
    - path: assets/features/input_columns.csv
      md5: 175ce9fdf3abbb49a8a5eb5f62592cc2
      size: 152
  split:
    cmd: python3 src/split.py assets/data/featurized/
    deps:
    - path: assets/data/featurized
      md5: bad0f98b5889969df091060ef12d8581.dir
      size: 7768315872
      nfiles: 1989
    - path: src/config.py
      md5: 7b988b2b39fb5979b5a7f703e708a435
      size: 3667
    - path: src/split.py
      md5: 203afb0c4cf0053647bb2cc23ae69184
      size: 3854
    params:
      params.yaml:
        split.calibrate_split: 0.0
        split.shuffle_files: false
        split.train_split: 0.7
    outs:
    - path: assets/data/split
      md5: 5b172fd85be79f35766ab20933426ea3.dir
      size: 7768315872
      nfiles: 1989
  scale:
    cmd: python3 src/scale.py assets/data/split/
    deps:
    - path: assets/data/split
      md5: 5b172fd85be79f35766ab20933426ea3.dir
      size: 7768315872
      nfiles: 1989
    - path: assets/features/output_columns.csv
      md5: b520619408d9f0152dc8db27de23005d
      size: 83
    - path: src/config.py
      md5: 7b988b2b39fb5979b5a7f703e708a435
      size: 3667
    - path: src/scale.py
      md5: 8788bb2eeb9174fba4788cf28d25fbb7
      size: 4390
    params:
      params.yaml:
        clean.classification: true
        scale.input: minmax
        scale.output:
    outs:
    - path: assets/data/scaled
      md5: 34dc8c01091cac3f871696fb1fb26e3e.dir
      size: 7769035890
      nfiles: 1989
    - path: assets/scalers/input_scaler.z
      md5: f353936caedd99d5c893b42f4f30b025
      size: 883
    - path: assets/scalers/output_scaler.z
      md5: 30f8aad524f01b45b31c24e9de78ebf9
      size: 121
  sequentialize:
    cmd: python3 src/sequentialize.py assets/data/scaled/
    deps:
    - path: assets/data/scaled
      md5: 34dc8c01091cac3f871696fb1fb26e3e.dir
      size: 7769035890
      nfiles: 1989
    - path: assets/features/output_columns.csv
      md5: b520619408d9f0152dc8db27de23005d
      size: 83
    - path: src/config.py
      md5: 7b988b2b39fb5979b5a7f703e708a435
      size: 3667
    - path: src/preprocess_utils.py
      md5: 4a9834004d93717eaa2f26dc56b72fcd
      size: 11451
    - path: src/sequentialize.py
      md5: 9df6a7e4755d15577a4d6df13f3cd475
      size: 2586
    params:
      params.yaml:
        clean.classification: true
        sequentialize.future_predict: false
        sequentialize.overlap: 0
        sequentialize.shuffle_samples: false
        sequentialize.target_size: 1
        sequentialize.window_size: 15
        train.learning_method: cnn
    outs:
    - path: assets/data/sequentialized
      md5: 5d583654ba8394596a2fc1bb9da837b1.dir
      size: 4868636018
      nfiles: 1989
  combine:
    cmd: python3 src/combine.py assets/data/sequentialized/
    deps:
    - path: assets/data/sequentialized
      md5: 5d583654ba8394596a2fc1bb9da837b1.dir
      size: 4868636018
      nfiles: 1989
    - path: src/combine.py
      md5: 422a06cdd5ddd6eea8da662fa234826b
      size: 1886
    - path: src/config.py
      md5: 7b988b2b39fb5979b5a7f703e708a435
      size: 3667
    outs:
    - path: assets/data/combined
      md5: a13db5ea1878d60bac57caa139f9e098.dir
      size: 4867662496
      nfiles: 2
  profile:
    cmd: python3 src/profiling.py assets/data/raw/
    deps:
    - path: assets/data/raw
      md5: d751713988987e9331980363e24189ce.dir
      size: 0
      nfiles: 0
    - path: src/config.py
      md5: 7b988b2b39fb5979b5a7f703e708a435
      size: 3667
    - path: src/profile.yaml
      md5: 317b4d9674ca46acc17a1e8da4fa604e
      size: 3918
    - path: src/profiling.py
      md5: be89ec773042d8b5e133104462585172
      size: 1984
    params:
      params.yaml:
        profile.dataset: digitalworker_arm_angle_reduced_classes
  train:
    cmd: python3 src/train.py assets/data/combined/train.npz
    deps:
    - path: assets/data/combined
      md5: a13db5ea1878d60bac57caa139f9e098.dir
      size: 4867662496
      nfiles: 2
    - path: assets/features/output_columns.csv
      md5: b520619408d9f0152dc8db27de23005d
      size: 83
    - path: src/config.py
      md5: 7b988b2b39fb5979b5a7f703e708a435
      size: 3667
    - path: src/neural_networks.py
      md5: 5e7599b35cf2069c862cc290ea563a6c
      size: 34210
    - path: src/train.py
      md5: d7f6de3076a07cc420931892159b263f
      size: 16722
    params:
      params.yaml:
        clean.classification: true
        train.activation_function: relu
        train.batch_size: 256
        train.dropout: 0.3
        train.early_stopping: false
        train.hyperparameter_tuning: false
        train.kernel_size: 3
        train.learning_method: cnn
        train.maxpooling: false
        train.maxpooling_size: 4
        train.n_epochs: 200
        train.n_flattened_layers: 2
        train.n_flattened_nodes: 32
        train.n_layers: 4
        train.n_neurons:
        - 64
        - 64
        - 64
        - 64
        train.patience: 20
        train.seed: 2020
        train.unit_type: LSTM
    outs:
    - path: assets/models
      md5: e8c91035299dc6daef0df1a38d208805.dir
      size: 929912
      nfiles: 1
  evaluate:
    cmd: python3 src/evaluate.py assets/models/model.h5 assets/data/combined/train.npz
      assets/data/combined/test.npz assets/data/combined/calibrate.npz
    deps:
    - path: assets/data/combined/test.npz
      md5: 4f8eb8c324aab887031362a77ef9437a
      size: 1459621962
    - path: assets/features/output_columns.csv
      md5: b520619408d9f0152dc8db27de23005d
      size: 83
    - path: assets/models/model.h5
      md5: dc299702260aaa6fe70b56f6ca0b8c2c
      size: 929912
    - path: src/config.py
      md5: 7b988b2b39fb5979b5a7f703e708a435
      size: 3667
    - path: src/evaluate.py
      md5: 028a3514cf943afcd86c3e8f42535b1a
      size: 27919
    params:
      params.yaml:
        clean.classification: true
        evaluate.dropout_uncertainty_estimation: true
        evaluate.show_inputs: true
        evaluate.uncertainty_estimation_sampling_size: 100
